[{<<"basho_stats">>,
  {git,"https://github.com/OpenRiak/basho_stats.git",
       {ref,"4357310e8a07b485f78740710e86893033f1ee1c"}},
  2},
 {<<"bear">>,
  {git,"https://github.com/OpenRiak/bear",
       {ref,"0d325c67d317899e349983004b919050ae1d2966"}},
  2},
 {<<"bitcask">>,
  {git,"https://github.com/OpenRiak/bitcask.git",
       {ref,"e74e8ad85cc60da18cb8528472e0a25f585604bb"}},
  1},
 {<<"canola">>,
  {git,"https://github.com/OpenRiak/canola",
       {ref,"adf2d3c35fbf81ec31fa0df1b4fe22cb4f696ab2"}},
  1},
 {<<"clique">>,
  {git,"https://github.com/OpenRiak/clique.git",
       {ref,"815d71e3cd3db2214d2e47b0e7f7bcf1a460fd47"}},
  2},
 {<<"cluster_info">>,
  {git,"https://github.com/OpenRiak/cluster_info.git",
       {ref,"69eed4dde6d7cc79780a59ea30ea2d1d02eb3c17"}},
  2},
 {<<"cuttlefish">>,
  {git,"https://github.com/OpenRiak/cuttlefish.git",
       {ref,"92127a417cadcb58832fecb7c5f75874feb24304"}},
  3},
 {<<"ebloom">>,
  {git,"https://github.com/OpenRiak/ebloom.git",
       {ref,"638cc0f6bb33976d07b08f5393b1501165887310"}},
  1},
 {<<"eleveldb">>,
  {git,"https://github.com/OpenRiak/eleveldb.git",
       {ref,"e46ce1f4ffd45d15841078f38399b2ad17dfbee0"}},
  2},
 {<<"eqwalizer_support">>,
  {git_subdir,"https://github.com/OpenRiak/eqwalizer.git",
              {ref,"759af3c1ab1062bcafbc4a528634f958d85a69f0"},
              "eqwalizer_support"},
  2},
 {<<"exometer_core">>,
  {git,"https://github.com/OpenRiak/exometer_core.git",
       {ref,"34e1e55d6c1acca444327a56067f85d2414ce2ed"}},
  2},
 {<<"folsom">>,
  {git,"https://github.com/OpenRiak/folsom.git",
       {ref,"c66c2d0877b7754d29e1428c499f25db053e72f9"}},
  1},
 {<<"getopt">>,
  {git,"https://github.com/OpenRiak/getopt.git",
       {ref,"476d5826cd8d4b3dbbf93e361bb533915012f04d"}},
  4},
 {<<"hut">>,
  {git,"https://github.com/OpenRiak/hut.git",
       {ref,"421d3a285cbd87ada6613546c01a3ce3dfdc0d12"}},
  3},
 {<<"hyper">>,
  {git,"https://github.com/OpenRiak/hyper",
       {ref,"14b36083ad7cf10eb71144353b0058edcb98ca74"}},
  1},
 {<<"ibrowse">>,
  {git,"https://github.com/OpenRiak/ibrowse.git",
       {ref,"85b48cdf1f2e86c33577dafeb60829b89cad81f8"}},
  2},
 {<<"kv_index_tictactree">>,
  {git,"https://github.com/OpenRiak/kv_index_tictactree.git",
       {ref,"74ba1f638289323944a4daca7c2d05e4a085cad9"}},
  1},
 {<<"leveled">>,
  {git,"https://github.com/OpenRiak/leveled.git",
       {ref,"2a2795ab8387eaa8bfd15b686e1245ca8c6b33b1"}},
  1},
 {<<"lz4">>,
  {git,"https://github.com/OpenRiak/erlang-lz4",
       {ref,"29d286efa361b3338846aa2113d142d993cc6138"}},
  2},
 {<<"mochiweb">>,
  {git,"https://github.com/OpenRiak/mochiweb.git",
       {ref,"b68483bad32fe50ad3d126ad3b1bcf0044611caa"}},
  2},
 {<<"parse_trans">>,
  {git,"https://github.com/OpenRiak/parse_trans.git",
       {ref,"ece4c543a76ff09d76a1479b2ebe4f020320a02e"}},
  3},
 {<<"pbkdf2">>,
  {git,"https://github.com/OpenRiak/erlang-pbkdf2.git",
       {ref,"2b910dad15204e9cf35b28e1a472e66da484df4e"}},
  2},
 {<<"poolboy">>,
  {git,"https://github.com/OpenRiak/poolboy.git",
       {ref,"825b6d0e3f10abc18ae7b5ad8ecbc14e99cf6067"}},
  2},
 {<<"ranch">>,
  {git,"https://github.com/OpenRiak/ranch.git",
       {ref,"3ca14100e33ba648c86d20a541de7fcfda43296d"}},
  1},
 {<<"recon">>,
  {git,"https://github.com/OpenRiak/recon",
       {ref,"cb1464f79f1544005030e54df75f79fa1249a00e"}},
  1},
 {<<"redbug">>,
  {git,"https://github.com/OpenRiak/redbug",
       {ref,"2b857c2d54122ba22261943bcf0b6acffb5ee46e"}},
  1},
 {<<"rhc">>,
  {git,"https://github.com/OpenRiak/riak-erlang-http-client",
       {ref,"1e8b3d0df3ea8e110cfaf197d32696530a909f7a"}},
  1},
 {<<"riak_api">>,
  {git,"https://github.com/OpenRiak/riak_api.git",
       {ref,"a76f8eb7b1465b078a6d5d04762a6266619381c1"}},
  1},
 {<<"riak_auth_mods">>,
  {git,"https://github.com/OpenRiak/riak_auth_mods",
       {ref,"55787b801e5e26e85f126cc35d1451b0035e4b33"}},
  0},
 {<<"riak_core">>,
  {git,"https://github.com/OpenRiak/riak_core.git",
       {ref,"2669f0f75495cd3ee8bcbc9c2af461d6865e8797"}},
  1},
 {<<"riak_dt">>,
  {git,"https://github.com/OpenRiak/riak_dt.git",
       {ref,"918a3434adcb4fe66e5447a18d9191cd3b9ee288"}},
  1},
 {<<"riak_ensemble">>,
  {git,"https://github.com/OpenRiak/riak_ensemble",
       {ref,"06a121a9c49748f8cb34084aa55173bc0358cba8"}},
  2},
 {<<"riak_kv">>,
  {git,"https://github.com/OpenRiak/riak_kv",
       {ref,"8a63af82f3dcd428d299886a42a02a977746a613"}},
  0},
 {<<"riak_pb">>,
  {git,"https://github.com/OpenRiak/riak_pb.git",
       {ref,"e908ddaadc06cb56e248f197dc2dca7d759e53b2"}},
  1},
 {<<"riak_pipe">>,
  {git,"https://github.com/OpenRiak/riak_pipe.git",
       {ref,"0782886a267bd76c810c562e29b24bc31b7c4ce3"}},
  1},
 {<<"riak_repl">>,
  {git,"https://github.com/OpenRiak/riak_repl",
       {ref,"cc5c092fc651fd9210b380ba93e5e6bafdd52005"}},
  0},
 {<<"riak_sysmon">>,
  {git,"https://github.com/OpenRiak/riak_sysmon.git",
       {ref,"56a2d3a3e7750d1c9c0dc4d323de69179063acdb"}},
  2},
 {<<"riakc">>,
  {git,"https://github.com/OpenRiak/riak-erlang-client",
       {ref,"7b25ca91e176052d33f364bf73c62cdc23ef4692"}},
  2},
 {<<"setup">>,
  {git,"https://github.com/OpenRiak/setup.git",
       {ref,"7647ce38a782d2d7bd04aca3aa306051a8f6f99d"}},
  3},
 {<<"sext">>,
  {git,"https://github.com/OpenRiak/sext.git",
       {ref,"a1d0de139d1e450c02b2ef3f2782570baa7cf092"}},
  1},
 {<<"sidejob">>,
  {git,"https://github.com/OpenRiak/sidejob.git",
       {ref,"26ec7d63f84c45ce7759b9fd85b4ad38b5b03519"}},
  1},
 {<<"webmachine">>,
  {git,"https://github.com/OpenRiak/webmachine.git",
       {ref,"42f1c791c93a9b05da7b0b5cfad4952cc0e1bca6"}},
  2},
 {<<"zstd">>,
  {git,"https://github.com/OpenRiak/zstd-erlang",
       {ref,"0027a594416c3e98335ffeec4ebebcfcd4bc80d9"}},
  2}].
