{"1.2.0",
[{<<"basho_stats">>,
  {git,"https://github.com/OpenRiak/basho_stats.git",
       {ref,"4357310e8a07b485f78740710e86893033f1ee1c"}},
  2},
 {<<"bear">>,{pkg,<<"bear">>,<<"1.0.0">>},4},
 {<<"bitcask">>,
  {git,"https://github.com/OpenRiak/bitcask.git",
       {ref,"1fcc4fb5fc6685b27ab4ae61ea07c40c421db1cf"}},
  1},
 {<<"canola">>,
  {git,"https://github.com/OpenRiak/canola",
       {ref,"adf2d3c35fbf81ec31fa0df1b4fe22cb4f696ab2"}},
  1},
 {<<"clique">>,
  {git,"https://github.com/OpenRiak/clique.git",
       {ref,"c06da37e11212ac2a5d73d770a9e464d27f90055"}},
  2},
 {<<"cluster_info">>,
  {git,"https://github.com/OpenRiak/cluster_info.git",
       {ref,"69eed4dde6d7cc79780a59ea30ea2d1d02eb3c17"}},
  2},
 {<<"cuttlefish">>,
  {git,"https://github.com/OpenRiak/cuttlefish.git",
       {ref,"92127a417cadcb58832fecb7c5f75874feb24304"}},
  3},
 {<<"ebloom">>,
  {git,"https://github.com/OpenRiak/ebloom.git",
       {ref,"638cc0f6bb33976d07b08f5393b1501165887310"}},
  1},
 {<<"eleveldb">>,
  {git,"https://github.com/OpenRiak/eleveldb.git",
       {ref,"4893c442041723b0b2070781e1e59213e6479efb"}},
  2},
 {<<"exometer_core">>,
  {git,"https://github.com/Feuerlabs/exometer_core.git",
       {ref,"66c287e24ceff337f622e3f58e0b4a3ab9ced0f0"}},
  2},
 {<<"folsom">>,{pkg,<<"folsom">>,<<"1.0.0">>},3},
 {<<"getopt">>,
  {git,"https://github.com/OpenRiak/getopt.git",
       {ref,"476d5826cd8d4b3dbbf93e361bb533915012f04d"}},
  4},
 {<<"hut">>,{pkg,<<"hut">>,<<"1.3.0">>},3},
 {<<"hyper">>,
  {git,"https://github.com/OpenRiak/hyper",
       {ref,"14b36083ad7cf10eb71144353b0058edcb98ca74"}},
  1},
 {<<"ibrowse">>,
  {git,"https://github.com/OpenRiak/ibrowse.git",
       {ref,"85b48cdf1f2e86c33577dafeb60829b89cad81f8"}},
  2},
 {<<"kv_index_tictactree">>,
  {git,"https://github.com/OpenRiak/kv_index_tictactree.git",
       {ref,"5308a825c7b9ce32e59d226d3f502ffe2b39891c"}},
  1},
 {<<"leveled">>,
  {git,"https://github.com/OpenRiak/leveled",
       {ref,"e6269b121ce2845fca86a490fd481fe90e4921ea"}},
  2},
 {<<"lz4">>,
  {git,"https://github.com/OpenRiak/erlang-lz4",
       {ref,"a9ba55a5d20697af8ad62554d0c6c2f7fd23e376"}},
  3},
 {<<"mochiweb">>,
  {git,"https://github.com/OpenRiak/mochiweb.git",
       {ref,"c6199cc154f01df1e9f1b8d8e60b738434ff9856"}},
  2},
 {<<"parse_trans">>,{pkg,<<"parse_trans">>,<<"3.4.1">>},3},
 {<<"pbkdf2">>,
  {git,"https://github.com/OpenRiak/erlang-pbkdf2.git",
       {ref,"2b910dad15204e9cf35b28e1a472e66da484df4e"}},
  2},
 {<<"poolboy">>,
  {git,"https://github.com/OpenRiak/poolboy.git",
       {ref,"825b6d0e3f10abc18ae7b5ad8ecbc14e99cf6067"}},
  2},
 {<<"ranch">>,
  {git,"https://github.com/ninenines/ranch.git",
       {ref,"a692f44567034dacf5efcaa24a24183788594eb7"}},
  1},
 {<<"recon">>,
  {git,"https://github.com/ferd/recon",
       {ref,"34194da6d9f8ed25f274e0ebb098dc9e95bcf547"}},
  1},
 {<<"redbug">>,
  {git,"https://github.com/OpenRiak/redbug",
       {ref,"2b857c2d54122ba22261943bcf0b6acffb5ee46e"}},
  1},
 {<<"rhc">>,
  {git,"https://github.com/OpenRiak/riak-erlang-http-client",
       {ref,"bb5b3f6d9d145b65d3c61dc27e30baa10ee97c9c"}},
  1},
 {<<"riak_api">>,
  {git,"https://github.com/OpenRiak/riak_api.git",
       {ref,"08875569e9216481ef041f40a070583324e04021"}},
  1},
 {<<"riak_auth_mods">>,
  {git,"https://github.com/OpenRiak/riak_auth_mods",
       {ref,"dc0d9f7c7cb15267b0472cc8bb6f6ca20c71e914"}},
  0},
 {<<"riak_core">>,
  {git,"https://github.com/OpenRiak/riak_core.git",
       {ref,"172862537feba93804fc0f56dbf6f27719ebaae5"}},
  1},
 {<<"riak_dt">>,
  {git,"https://github.com/OpenRiak/riak_dt.git",
       {ref,"918a3434adcb4fe66e5447a18d9191cd3b9ee288"}},
  1},
 {<<"riak_ensemble">>,
  {git,"https://github.com/OpenRiak/riak_ensemble",
       {ref,"e88009d6b363bba1225dd59085233fb3d812932b"}},
  2},
 {<<"riak_kv">>,
  {git,"https://github.com/OpenRiak/riak_kv",
       {ref,"5ed22c4d063e9915c0f7ab5c9c4454d436d41903"}},
  0},
 {<<"riak_pb">>,
  {git,"https://github.com/OpenRiak/riak_pb.git",
       {ref,"ec4e9be91a02a35a085d2ed3b8877db231c2d625"}},
  2},
 {<<"riak_pipe">>,
  {git,"https://github.com/OpenRiak/riak_pipe.git",
       {ref,"eb1c81cb393b5fff4238c84e68e7b8b920a09761"}},
  1},
 {<<"riak_repl">>,
  {git,"https://github.com/OpenRiak/riak_repl",
       {ref,"e69a20ef31a77569ea73ca7af73941124946359d"}},
  0},
 {<<"riak_sysmon">>,
  {git,"https://github.com/OpenRiak/riak_sysmon.git",
       {ref,"56a2d3a3e7750d1c9c0dc4d323de69179063acdb"}},
  2},
 {<<"riakc">>,
  {git,"https://github.com/OpenRiak/riak-erlang-client",
       {ref,"5d82730f1631efd4efa3b3da40ada2161616f3ca"}},
  2},
 {<<"setup">>,{pkg,<<"setup">>,<<"2.1.0">>},3},
 {<<"sext">>,
  {git,"https://github.com/uwiger/sext.git",
       {ref,"c1d93beae5a2d9448a520c31adcb0053c76ef4df"}},
  1},
 {<<"sidejob">>,
  {git,"https://github.com/OpenRiak/sidejob.git",
       {ref,"26ec7d63f84c45ce7759b9fd85b4ad38b5b03519"}},
  1},
 {<<"webmachine">>,
  {git,"https://github.com/OpenRiak/webmachine.git",
       {ref,"adbf4a67323e47ea5a5a53968d2b0ce7e9212843"}},
  2},
 {<<"zstd">>,
  {git,"https://github.com/OpenRiak/zstd-erlang",
       {ref,"0027a594416c3e98335ffeec4ebebcfcd4bc80d9"}},
  3}]}.
[
{pkg_hash,[
 {<<"bear">>, <<"430419C1126B477686CDE843E88BA0F2C7DC5CDF0881C677500074F704339A99">>},
 {<<"folsom">>, <<"50ECC998D2149939F1D5E0AA3E32788F8ED16A58E390D81B5C0BE4CC4EF25589">>},
 {<<"hut">>, <<"71F2F054E657C03F959CF1ACC43F436EA87580696528CA2A55C8AFB1B06C85E7">>},
 {<<"parse_trans">>, <<"6E6AA8167CB44CC8F39441D05193BE6E6F4E7C2946CB2759F015F8C56B76E5FF">>},
 {<<"setup">>, <<"05F69185A5EB71474C9BC6BA892565651EC7507791F85632B7B914DBFE130510">>}]},
{pkg_hash_ext,[
 {<<"bear">>, <<"157B67901ADF84FF0DA6EAE035CA1292A0AC18AA55148154D8C582B2C68959DB">>},
 {<<"folsom">>, <<"DD6AB97278E94F9E4CFC43E188224A7B8C7EAEC0DD2E935007005177F3EEBB0E">>},
 {<<"hut">>, <<"7E15D28555D8A1F2B5A3A931EC120AF0753E4853A4C66053DB354F35BF9AB563">>},
 {<<"parse_trans">>, <<"620A406CE75DADA827B82E453C19CF06776BE266F5A67CFF34E1EF2CBB60E49A">>},
 {<<"setup">>, <<"EFD072578F0CF85BEA96CAAFFC7ADB0992398272522660A136E10567377071C5">>}]}
].
